
Microsoft Visual Studio Solution File, Format Version 12.00
# Visual Studio Version 17
VisualStudioVersion = 17.2.32616.157
MinimumVisualStudioVersion = 10.0.40219.1
Project("{9A19103F-16F7-4668-BE54-9A1E7A4F7556}") = "UtilityBotSF", "WebApplication1\UtilityBotSF.csproj", "{AD33CF78-14D4-46C6-8EA1-700C1D744CAF}"
EndProject
Global
	GlobalSection(SolutionConfigurationPlatforms) = preSolution
		Debug|Any CPU = Debug|Any CPU
		Release|Any CPU = Release|Any CPU
	EndGlobalSection
	GlobalSection(ProjectConfigurationPlatforms) = postSolution
		{AD33CF78-14D4-46C6-8EA1-700C1D744CAF}.Debug|Any CPU.ActiveCfg = Debug|Any CPU
		{AD33CF78-14D4-46C6-8EA1-700C1D744CAF}.Debug|Any CPU.Build.0 = Debug|Any CPU
		{AD33CF78-14D4-46C6-8EA1-700C1D744CAF}.Release|Any CPU.ActiveCfg = Release|Any CPU
		{AD33CF78-14D4-46C6-8EA1-700C1D744CAF}.Release|Any CPU.Build.0 = Release|Any CPU
	EndGlobalSection
	GlobalSection(SolutionProperties) = preSolution
		HideSolutionNode = FALSE
	EndGlobalSection
	GlobalSection(ExtensibilityGlobals) = postSolution
		SolutionGuid = {8A946A15-A127-4095-B402-0FA41B435603}
	EndGlobalSection
EndGlobal
